
Microsoft Visual Studio Solution File, Format Version 12.00
# Visual Studio Version 16
VisualStudioVersion = 16.0.30406.217
MinimumVisualStudioVersion = 10.0.40219.1
Project("{9A19103F-16F7-4668-BE54-9A1E7A4F7556}") = "Equinor.ProCoSys.PunchOut.WebApi", "Equinor.ProCoSys.PunchOut.WebApi\Equinor.ProCoSys.PunchOut.WebApi.csproj", "{B3D00073-613F-490E-AF9A-9D1E5A36F33B}"
EndProject
Project("{9A19103F-16F7-4668-BE54-9A1E7A4F7556}") = "Equinor.ProCoSys.PunchOut.Domain", "Equinor.ProCoSys.PunchOut.Domain\Equinor.ProCoSys.PunchOut.Domain.csproj", "{FF5756ED-7F6F-4C32-8C57-9AF234458371}"
EndProject
Project("{2150E333-8FDC-42A3-9474-1A3956D46DE8}") = "Solution Items", "Solution Items", "{6FE74A8E-58FB-4E36-B08A-FD5F39F993D2}"
	ProjectSection(SolutionItems) = preProject
		.editorconfig = .editorconfig
	EndProjectSection
EndProject
Project("{FAE04EC0-301F-11D3-BF4B-00C04F79EFBC}") = "Equinor.ProCoSys.PunchOut.Command", "Equinor.ProCoSys.PunchOut.Command\Equinor.ProCoSys.PunchOut.Command.csproj", "{62F2EB51-14F9-4A01-BAA5-0F8131FD816F}"
EndProject
Project("{FAE04EC0-301F-11D3-BF4B-00C04F79EFBC}") = "Equinor.ProCoSys.PunchOut.Database", "Equinor.ProCoSys.PunchOut.Database\Equinor.ProCoSys.PunchOut.Database.csproj", "{7C80D3DA-255A-405A-8694-8C25B95997F8}"
EndProject
Project("{FAE04EC0-301F-11D3-BF4B-00C04F79EFBC}") = "Equinor.ProCoSys.PunchOut.Query", "Equinor.ProCoSys.PunchOut.Query\Equinor.ProCoSys.PunchOut.Query.csproj", "{FF4E1797-77D3-4DE2-9FBB-583013A6E26E}"
EndProject
Global
	GlobalSection(SolutionConfigurationPlatforms) = preSolution
		Debug|Any CPU = Debug|Any CPU
		Release|Any CPU = Release|Any CPU
	EndGlobalSection
	GlobalSection(ProjectConfigurationPlatforms) = postSolution
		{B3D00073-613F-490E-AF9A-9D1E5A36F33B}.Debug|Any CPU.ActiveCfg = Debug|Any CPU
		{B3D00073-613F-490E-AF9A-9D1E5A36F33B}.Debug|Any CPU.Build.0 = Debug|Any CPU
		{B3D00073-613F-490E-AF9A-9D1E5A36F33B}.Release|Any CPU.ActiveCfg = Release|Any CPU
		{B3D00073-613F-490E-AF9A-9D1E5A36F33B}.Release|Any CPU.Build.0 = Release|Any CPU
		{FF5756ED-7F6F-4C32-8C57-9AF234458371}.Debug|Any CPU.ActiveCfg = Debug|Any CPU
		{FF5756ED-7F6F-4C32-8C57-9AF234458371}.Debug|Any CPU.Build.0 = Debug|Any CPU
		{FF5756ED-7F6F-4C32-8C57-9AF234458371}.Release|Any CPU.ActiveCfg = Release|Any CPU
		{FF5756ED-7F6F-4C32-8C57-9AF234458371}.Release|Any CPU.Build.0 = Release|Any CPU
		{62F2EB51-14F9-4A01-BAA5-0F8131FD816F}.Debug|Any CPU.ActiveCfg = Debug|Any CPU
		{62F2EB51-14F9-4A01-BAA5-0F8131FD816F}.Debug|Any CPU.Build.0 = Debug|Any CPU
		{62F2EB51-14F9-4A01-BAA5-0F8131FD816F}.Release|Any CPU.ActiveCfg = Release|Any CPU
		{62F2EB51-14F9-4A01-BAA5-0F8131FD816F}.Release|Any CPU.Build.0 = Release|Any CPU
		{7C80D3DA-255A-405A-8694-8C25B95997F8}.Debug|Any CPU.ActiveCfg = Debug|Any CPU
		{7C80D3DA-255A-405A-8694-8C25B95997F8}.Debug|Any CPU.Build.0 = Debug|Any CPU
		{7C80D3DA-255A-405A-8694-8C25B95997F8}.Release|Any CPU.ActiveCfg = Release|Any CPU
		{7C80D3DA-255A-405A-8694-8C25B95997F8}.Release|Any CPU.Build.0 = Release|Any CPU
		{FF4E1797-77D3-4DE2-9FBB-583013A6E26E}.Debug|Any CPU.ActiveCfg = Debug|Any CPU
		{FF4E1797-77D3-4DE2-9FBB-583013A6E26E}.Debug|Any CPU.Build.0 = Debug|Any CPU
		{FF4E1797-77D3-4DE2-9FBB-583013A6E26E}.Release|Any CPU.ActiveCfg = Release|Any CPU
		{FF4E1797-77D3-4DE2-9FBB-583013A6E26E}.Release|Any CPU.Build.0 = Release|Any CPU
	EndGlobalSection
	GlobalSection(SolutionProperties) = preSolution
		HideSolutionNode = FALSE
	EndGlobalSection
	GlobalSection(ExtensibilityGlobals) = postSolution
		SolutionGuid = {D8765CAE-2FC2-419D-9197-71E45E3DFE04}
	EndGlobalSection
EndGlobal
